
Microsoft Visual Studio Solution File, Format Version 12.00
# Visual Studio Version 16
VisualStudioVersion = 16.0.29123.88
MinimumVisualStudioVersion = 10.0.40219.1
Project("{FAE04EC0-301F-11D3-BF4B-00C04F79EFBC}") = "2dMap", "2dMap\2dMap.csproj", "{7016CD82-117C-4240-AF8A-5D477910CB3C}"
EndProject
Global
	GlobalSection(SolutionConfigurationPlatforms) = preSolution
		Debug|Any CPU = Debug|Any CPU
		Release|Any CPU = Release|Any CPU
	EndGlobalSection
	GlobalSection(ProjectConfigurationPlatforms) = postSolution
		{7016CD82-117C-4240-AF8A-5D477910CB3C}.Debug|Any CPU.ActiveCfg = Debug|Any CPU
		{7016CD82-117C-4240-AF8A-5D477910CB3C}.Debug|Any CPU.Build.0 = Debug|Any CPU
		{7016CD82-117C-4240-AF8A-5D477910CB3C}.Release|Any CPU.ActiveCfg = Release|Any CPU
		{7016CD82-117C-4240-AF8A-5D477910CB3C}.Release|Any CPU.Build.0 = Release|Any CPU
	EndGlobalSection
	GlobalSection(SolutionProperties) = preSolution
		HideSolutionNode = FALSE
	EndGlobalSection
	GlobalSection(ExtensibilityGlobals) = postSolution
		SolutionGuid = {3C773658-B62D-4985-8FF4-2AE594808A86}
	EndGlobalSection
EndGlobal
